// !$*UTF8*$!
{
	archiveVersion = 1;
	classes = {
	};
	objectVersion = 46;
	objects = {

/* Begin PBXBuildFile section */
		F5A22C3F1F676D9F005D7FAF /* AppDelegate.swift in Sources */ = {isa = PBXBuildFile; fileRef = F5A22C3E1F676D9F005D7FAF /* AppDelegate.swift */; };
		F5A22C411F676D9F005D7FAF /* ViewController.swift in Sources */ = {isa = PBXBuildFile; fileRef = F5A22C401F676D9F005D7FAF /* ViewController.swift */; };
		F5A22C441F676D9F005D7FAF /* Main.storyboard in Resources */ = {isa = PBXBuildFile; fileRef = F5A22C421F676D9F005D7FAF /* Main.storyboard */; };
		F5A22C461F676D9F005D7FAF /* Assets.xcassets in Resources */ = {isa = PBXBuildFile; fileRef = F5A22C451F676D9F005D7FAF /* Assets.xcassets */; };
		F5A22C491F676D9F005D7FAF /* LaunchScreen.storyboard in Resources */ = {isa = PBXBuildFile; fileRef = F5A22C471F676D9F005D7FAF /* LaunchScreen.storyboard */; };
/* End PBXBuildFile section */

/* Begin PBXFileReference section */
		F5A22C3B1F676D9F005D7FAF /* Git_Branch_Test.app */ = {isa = PBXFileReference; explicitFileType = wrapper.application; includeInIndex = 0; path = Git_Branch_Test.app; sourceTree = BUILT_PRODUCTS_DIR; };
		F5A22C3E1F676D9F005D7FAF /* AppDelegate.swift */ = {isa = PBXFileReference; lastKnownFileType = sourcecode.swift; path = AppDelegate.swift; sourceTree = "<group>"; };
		F5A22C401F676D9F005D7FAF /* ViewController.swift */ = {isa = PBXFileReference; lastKnownFileType = sourcecode.swift; path = ViewController.swift; sourceTree = "<group>"; };
		F5A22C431F676D9F005D7FAF /* Base */ = {isa = PBXFileReference; lastKnownFileType = file.storyboard; name = Base; path = Base.lproj/Main.storyboard; sourceTree = "<group>"; };
		F5A22C451F676D9F005D7FAF /* Assets.xcassets */ = {isa = PBXFileReference; lastKnownFileType = folder.assetcatalog; path = Assets.xcassets; sourceTree = "<group>"; };
		F5A22C481F676D9F005D7FAF /* Base */ = {isa = PBXFileReference; lastKnownFileType = file.storyboard; name = Base; path = Base.lproj/LaunchScreen.storyboard; sourceTree = "<group>"; };
		F5A22C4A1F676D9F005D7FAF /* Info.plist */ = {isa = PBXFileReference; lastKnownFileType = text.plist.xml; path = Info.plist; sourceTree = "<group>"; };
/* End PBXFileReference section */

/* Begin PBXFrameworksBuildPhase section */
		F5A22C381F676D9F005D7FAF /* Frameworks */ = {
			isa = PBXFrameworksBuildPhase;
			buildActionMask = 2147483647;
			files = (
			);
			runOnlyForDeploymentPostprocessing = 0;
		};
/* End PBXFrameworksBuildPhase section */

/* Begin PBXGroup section */
		F5A22C321F676D9F005D7FAF = {
			isa = PBXGroup;
			children = (
				F5A22C3D1F676D9F005D7FAF /* Git_Branch_Test */,
				F5A22C3C1F676D9F005D7FAF /* Products */,
			);
			sourceTree = "<group>";
		};
		F5A22C3C1F676D9F005D7FAF /* Products */ = {
			isa = PBXGroup;
			children = (
				F5A22C3B1F676D9F005D7FAF /* Git_Branch_Test.app */,
			);
			name = Products;
			sourceTree = "<group>";
		};
		F5A22C3D1F676D9F005D7FAF /* Git_Branch_Test */ = {
			isa = PBXGroup;
			children = (
				F5A22C3E1F676D9F005D7FAF /* AppDelegate.swift */,
				F5A22C401F676D9F005D7FAF /* ViewController.swift */,
				F5A22C421F676D9F005D7FAF /* Main.storyboard */,
				F5A22C451F676D9F005D7FAF /* Assets.xcassets */,
				F5A22C471F676D9F005D7FAF /* LaunchScreen.storyboard */,
				F5A22C4A1F676D9F005D7FAF /* Info.plist */,
			);
			path = Git_Branch_Test;
			sourceTree = "<group>";
		};
/* End PBXGroup section */

/* Begin PBXNativeTarget section */
		F5A22C3A1F676D9F005D7FAF /* Git_Branch_Test */ = {
			isa = PBXNativeTarget;
			buildConfigurationList = F5A22C4D1F676D9F005D7FAF /* Build configuration list for PBXNativeTarget "Git_Branch_Test" */;
			buildPhases = (
				F5A22C371F676D9F005D7FAF /* Sources */,
				F5A22C381F676D9F005D7FAF /* Frameworks */,
				F5A22C391F676D9F005D7FAF /* Resources */,
			);
			buildRules = (
			);
			dependencies = (
			);
			name = Git_Branch_Test;
			productName = Git_Branch_Test;
			productReference = F5A22C3B1F676D9F005D7FAF /* Git_Branch_Test.app */;
			productType = "com.apple.product-type.application";
		};
/* End PBXNativeTarget section */

/* Begin PBXProject section */
		F5A22C331F676D9F005D7FAF /* Project object */ = {
			isa = PBXProject;
			attributes = {
				LastSwiftUpdateCheck = 0820;
				LastUpgradeCheck = 0820;
				ORGANIZATIONNAME = D7703_27;
				TargetAttributes = {
					F5A22C3A1F676D9F005D7FAF = {
						CreatedOnToolsVersion = 8.2.1;
						ProvisioningStyle = Automatic;
					};
				};
			};
			buildConfigurationList = F5A22C361F676D9F005D7FAF /* Build configuration list for PBXProject "Git_Branch_Test" */;
			compatibilityVersion = "Xcode 3.2";
			developmentRegion = English;
			hasScannedForEncodings = 0;
			knownRegions = (
				en,
				Base,
			);
			mainGroup = F5A22C321F676D9F005D7FAF;
			productRefGroup = F5A22C3C1F676D9F005D7FAF /* Products */;
			projectDirPath = "";
			projectRoot = "";
			targets = (
				F5A22C3A1F676D9F005D7FAF /* Git_Branch_Test */,
			);
		};
/* End PBXProject section */

/* Begin PBXResourcesBuildPhase section */
		F5A22C391F676D9F005D7FAF /* Resources */ = {
			isa = PBXResourcesBuildPhase;
			buildActionMask = 2147483647;
			files = (
				F5A22C491F676D9F005D7FAF /* LaunchScreen.storyboard in Resources */,
				F5A22C461F676D9F005D7FAF /* Assets.xcassets in Resources */,
				F5A22C441F676D9F005D7FAF /* Main.storyboard in Resources */,
			);
			runOnlyForDeploymentPostprocessing = 0;
		};
/* End PBXResourcesBuildPhase section */

/* Begin PBXSourcesBuildPhase section */
		F5A22C371F676D9F005D7FAF /* Sources */ = {
			isa = PBXSourcesBuildPhase;
			buildActionMask = 2147483647;
			files = (
				F5A22C411F676D9F005D7FAF /* ViewController.swift in Sources */,
				F5A22C3F1F676D9F005D7FAF /* AppDelegate.swift in Sources */,
			);
			runOnlyForDeploymentPostprocessing = 0;
		};
/* End PBXSourcesBuildPhase section */

/* Begin PBXVariantGroup section */
		F5A22C421F676D9F005D7FAF /* Main.storyboard */ = {
			isa = PBXVariantGroup;
			children = (
				F5A22C431F676D9F005D7FAF /* Base */,
			);
			name = Main.storyboard;
			sourceTree = "<group>";
		};
		F5A22C471F676D9F005D7FAF /* LaunchScreen.storyboard */ = {
			isa = PBXVariantGroup;
			children = (
				F5A22C481F676D9F005D7FAF /* Base */,
			);
			name = LaunchScreen.storyboard;
			sourceTree = "<group>";
		};
/* End PBXVariantGroup section */

/* Begin XCBuildConfiguration section */
		F5A22C4B1F676D9F005D7FAF /* Debug */ = {
			isa = XCBuildConfiguration;
			buildSettings = {
				ALWAYS_SEARCH_USER_PATHS = NO;
				CLANG_ANALYZER_NONNULL = YES;
				CLANG_CXX_LANGUAGE_STANDARD = "gnu++0x";
				CLANG_CXX_LIBRARY = "libc++";
				CLANG_ENABLE_MODULES = YES;
				CLANG_ENABLE_OBJC_ARC = YES;
				CLANG_WARN_BOOL_CONVERSION = YES;
				CLANG_WARN_CONSTANT_CONVERSION = YES;
				CLANG_WARN_DIRECT_OBJC_ISA_USAGE = YES_ERROR;
				CLANG_WARN_DOCUMENTATION_COMMENTS = YES;
				CLANG_WARN_EMPTY_BODY = YES;
				CLANG_WARN_ENUM_CONVERSION = YES;
				CLANG_WARN_INFINITE_RECURSION = YES;
				CLANG_WARN_INT_CONVERSION = YES;
				CLANG_WARN_OBJC_ROOT_CLASS = YES_ERROR;
				CLANG_WARN_SUSPICIOUS_MOVE = YES;
				CLANG_WARN_UNREACHABLE_CODE = YES;
				CLANG_WARN__DUPLICATE_METHOD_MATCH = YES;
				"CODE_SIGN_IDENTITY[sdk=iphoneos*]" = "iPhone Developer";
				COPY_PHASE_STRIP = NO;
				DEBUG_INFORMATION_FORMAT = dwarf;
				ENABLE_STRICT_OBJC_MSGSEND = YES;
				ENABLE_TESTABILITY = YES;
				GCC_C_LANGUAGE_STANDARD = gnu99;
				GCC_DYNAMIC_NO_PIC = NO;
				GCC_NO_COMMON_BLOCKS = YES;
				GCC_OPTIMIZATION_LEVEL = 0;
				GCC_PREPROCESSOR_DEFINITIONS = (
					"DEBUG=1",
					"$(inherited)",
				);
				GCC_WARN_64_TO_32_BIT_CONVERSION = YES;
				GCC_WARN_ABOUT_RETURN_TYPE = YES_ERROR;
				GCC_WARN_UNDECLARED_SELECTOR = YES;
				GCC_WARN_UNINITIALIZED_AUTOS = YES_AGGRESSIVE;
				GCC_WARN_UNUSED_FUNCTION = YES;
				GCC_WARN_UNUSED_VARIABLE = YES;
				IPHONEOS_DEPLOYMENT_TARGET = 10.2;
				MTL_ENABLE_DEBUG_INFO = YES;
				ONLY_ACTIVE_ARCH = YES;
				SDKROOT = iphoneos;
				SWIFT_ACTIVE_COMPILATION_CONDITIONS = DEBUG;
				SWIFT_OPTIMIZATION_LEVEL = "-Onone";
			};
			name = Debug;
		};
		F5A22C4C1F676D9F005D7FAF /* Release */ = {
			isa = XCBuildConfiguration;
			buildSettings = {
				ALWAYS_SEARCH_USER_PATHS = NO;
				CLANG_ANALYZER_NONNULL = YES;
				CLANG_CXX_LANGUAGE_STANDARD = "gnu++0x";
				CLANG_CXX_LIBRARY = "libc++";
				CLANG_ENABLE_MODULES = YES;
				CLANG_ENABLE_OBJC_ARC = YES;
				CLANG_WARN_BOOL_CONVERSION = YES;
				CLANG_WARN_CONSTANT_CONVERSION = YES;
				CLANG_WARN_DIRECT_OBJC_ISA_USAGE = YES_ERROR;
				CLANG_WARN_DOCUMENTATION_COMMENTS = YES;
				CLANG_WARN_EMPTY_BODY = YES;
				CLANG_WARN_ENUM_CONVERSION = YES;
				CLANG_WARN_INFINITE_RECURSION = YES;
				CLANG_WARN_INT_CONVERSION = YES;
				CLANG_WARN_OBJC_ROOT_CLASS = YES_ERROR;
				CLANG_WARN_SUSPICIOUS_MOVE = YES;
				CLANG_WARN_UNREACHABLE_CODE = YES;
				CLANG_WARN__DUPLICATE_METHOD_MATCH = YES;
				"CODE_SIGN_IDENTITY[sdk=iphoneos*]" = "iPhone Developer";
				COPY_PHASE_STRIP = NO;
				DEBUG_INFORMATION_FORMAT = "dwarf-with-dsym";
				ENABLE_NS_ASSERTIONS = NO;
				ENABLE_STRICT_OBJC_MSGSEND = YES;
				GCC_C_LANGUAGE_STANDARD = gnu99;
				GCC_NO_COMMON_BLOCKS = YES;
				GCC_WARN_64_TO_32_BIT_CONVERSION = YES;
				GCC_WARN_ABOUT_RETURN_TYPE = YES_ERROR;
				GCC_WARN_UNDECLARED_SELECTOR = YES;
				GCC_WARN_UNINITIALIZED_AUTOS = YES_AGGRESSIVE;
				GCC_WARN_UNUSED_FUNCTION = YES;
				GCC_WARN_UNUSED_VARIABLE = YES;
				IPHONEOS_DEPLOYMENT_TARGET = 10.2;
				MTL_ENABLE_DEBUG_INFO = NO;
				SDKROOT = iphoneos;
				SWIFT_OPTIMIZATION_LEVEL = "-Owholemodule";
				VALIDATE_PRODUCT = YES;
			};
			name = Release;
		};
		F5A22C4E1F676D9F005D7FAF /* Debug */ = {
			isa = XCBuildConfiguration;
			buildSettings = {
				ASSETCATALOG_COMPILER_APPICON_NAME = AppIcon;
				INFOPLIST_FILE = Git_Branch_Test/Info.plist;
				LD_RUNPATH_SEARCH_PATHS = "$(inherited) @executable_path/Frameworks";
				PRODUCT_BUNDLE_IDENTIFIER = "-01621246.Git-Branch-Test";
				PRODUCT_NAME = "$(TARGET_NAME)";
				SWIFT_VERSION = 3.0;
			};
			name = Debug;
		};
		F5A22C4F1F676D9F005D7FAF /* Release */ = {
			isa = XCBuildConfiguration;
			buildSettings = {
				ASSETCATALOG_COMPILER_APPICON_NAME = AppIcon;
				INFOPLIST_FILE = Git_Branch_Test/Info.plist;
				LD_RUNPATH_SEARCH_PATHS = "$(inherited) @executable_path/Frameworks";
				PRODUCT_BUNDLE_IDENTIFIER = "-01621246.Git-Branch-Test";
				PRODUCT_NAME = "$(TARGET_NAME)";
				SWIFT_VERSION = 3.0;
			};
			name = Release;
		};
/* End XCBuildConfiguration section */

/* Begin XCConfigurationList section */
		F5A22C361F676D9F005D7FAF /* Build configuration list for PBXProject "Git_Branch_Test" */ = {
			isa = XCConfigurationList;
			buildConfigurations = (
				F5A22C4B1F676D9F005D7FAF /* Debug */,
				F5A22C4C1F676D9F005D7FAF /* Release */,
			);
			defaultConfigurationIsVisible = 0;
			defaultConfigurationName = Release;
		};
		F5A22C4D1F676D9F005D7FAF /* Build configuration list for PBXNativeTarget "Git_Branch_Test" */ = {
			isa = XCConfigurationList;
			buildConfigurations = (
				F5A22C4E1F676D9F005D7FAF /* Debug */,
				F5A22C4F1F676D9F005D7FAF /* Release */,
			);
			defaultConfigurationIsVisible = 0;
		};
/* End XCConfigurationList section */
	};
	rootObject = F5A22C331F676D9F005D7FAF /* Project object */;
}
